
Microsoft Visual Studio Solution File, Format Version 12.00
# Visual Studio 15
VisualStudioVersion = 15.0.26730.16
MinimumVisualStudioVersion = 10.0.40219.1
Project("{FAE04EC0-301F-11D3-BF4B-00C04F79EFBC}") = "ParallelLoops", "ParallelLoops\ParallelLoops.csproj", "{CE8089E4-C7B4-464E-86A3-F85BC9E741B7}"
EndProject
Project("{FAE04EC0-301F-11D3-BF4B-00C04F79EFBC}") = "Loops", "Loops\Loops.csproj", "{31594588-6A74-4817-94B4-8C6CA5368ECC}"
EndProject
Global
	GlobalSection(SolutionConfigurationPlatforms) = preSolution
		Debug|Any CPU = Debug|Any CPU
		Release|Any CPU = Release|Any CPU
	EndGlobalSection
	GlobalSection(ProjectConfigurationPlatforms) = postSolution
		{CE8089E4-C7B4-464E-86A3-F85BC9E741B7}.Debug|Any CPU.ActiveCfg = Debug|Any CPU
		{CE8089E4-C7B4-464E-86A3-F85BC9E741B7}.Debug|Any CPU.Build.0 = Debug|Any CPU
		{CE8089E4-C7B4-464E-86A3-F85BC9E741B7}.Release|Any CPU.ActiveCfg = Release|Any CPU
		{CE8089E4-C7B4-464E-86A3-F85BC9E741B7}.Release|Any CPU.Build.0 = Release|Any CPU
		{31594588-6A74-4817-94B4-8C6CA5368ECC}.Debug|Any CPU.ActiveCfg = Debug|Any CPU
		{31594588-6A74-4817-94B4-8C6CA5368ECC}.Debug|Any CPU.Build.0 = Debug|Any CPU
		{31594588-6A74-4817-94B4-8C6CA5368ECC}.Release|Any CPU.ActiveCfg = Release|Any CPU
		{31594588-6A74-4817-94B4-8C6CA5368ECC}.Release|Any CPU.Build.0 = Release|Any CPU
	EndGlobalSection
	GlobalSection(SolutionProperties) = preSolution
		HideSolutionNode = FALSE
	EndGlobalSection
	GlobalSection(ExtensibilityGlobals) = postSolution
		SolutionGuid = {C0DFC525-09E0-4BA9-8F10-5845BA3F57B4}
	EndGlobalSection
EndGlobal
